hash: d87a1fe0061d41c1e6ec78d405d54ae321e75f4bff22b38d19d3255bbd17f21e
updated: 2016-05-14T13:24:16.884832326-07:00
imports:
- name: github.com/btcsuite/btcd
  version: 2554caee5919958c0d4b41db8035f0e12ce6f624
  subpackages:
  - btcec
- name: github.com/btcsuite/fastsha256
  version: 302ad4db268b46f9ebda3078f6f7397f96047735
- name: github.com/BurntSushi/toml
  version: f0aeabca5a127c4078abb8c8d64298b147264b55
- name: github.com/go-stack/stack
  version: 100eb0c0a9c5b306ca2fb4f165df21d80ada4b82
- name: github.com/gogo/protobuf
  version: c18eea6ad611eecf94a9ba38471f59706199409e
  subpackages:
  - proto
- name: github.com/golang/protobuf
  version: 7cc19b78d562895b13596ddce7aafb59dd789318
  subpackages:
  - proto
- name: github.com/golang/snappy
  version: d7b1e156f50d3c4664f683603af70e3e47fa0aa2
- name: github.com/gorilla/websocket
  version: 1f512fc3f05332ba7117626cdfb4e07474e58e60
- name: github.com/mattn/go-colorable
  version: e8a10ddc7d2a7fe255f6fd7f501070a4cb62c183
- name: github.com/mattn/go-isatty
  version: 56b76bdf51f7708750eac80fa38b952bb9f32639
- name: github.com/spf13/pflag
  version: cb88ea77998c3f024757528e3305022ab50b43be
- name: github.com/syndtr/goleveldb
  version: cfa635847112c5dc4782e128fa7e0d05fdbfb394
  subpackages:
  - leveldb
  - leveldb/errors
  - leveldb/opt
  - leveldb/cache
  - leveldb/comparer
  - leveldb/filter
  - leveldb/iterator
  - leveldb/journal
  - leveldb/memdb
  - leveldb/storage
  - leveldb/table
  - leveldb/util
- name: github.com/tendermint/ed25519
  version: fdac6641497281ed1cc368687ec6377e96e02b24
  subpackages:
  - extra25519
  - edwards25519
- name: github.com/tendermint/flowcontrol
  version: 84d9671090430e8ec80e35b339907e0579b999eb
- name: github.com/tendermint/go-clist
  version: 634527f5b60fd7c71ca811262493df2ad65ee0ca
- name: github.com/tendermint/go-common
  version: dcfa46af1341d03b80d32e4901019d1668b978b9
- name: github.com/tendermint/go-config
  version: cfcef384d64b94e50909596e39b32ffb3cc20573
- name: github.com/tendermint/go-crypto
  version: 41cfb7b677f4e16cdfd22b6ce0946c89919fbc7b
- name: github.com/tendermint/go-db
  version: 31fdd21c7eaeed53e0ea7ca597fb1e960e2988a5
- name: github.com/tendermint/go-events
  version: 7b75ca7bb55aa25e9ef765eb8c0b69486b227357
- name: github.com/tendermint/go-logger
  version: 529efe50eab1a8a9c111d55f4de4ecd95f482761
- name: github.com/tendermint/go-merkle
  version: 05042c6ab9cad51d12e4cecf717ae68e3b1409a8
- name: github.com/tendermint/go-p2p
  version: 5bd7692323ec60d6461678f09b5024a952164151
  subpackages:
  - upnp
- name: github.com/tendermint/go-rpc
  version: 1d9e89812adc202811b7fb8e9e0837e73adadb43
  subpackages:
  - client
  - server
  - types
- name: github.com/tendermint/go-wire
  version: 3b0adbc86ed8425eaed98516165b6788d9f4de7a
- name: github.com/tendermint/log15
  version: a36450f4378275a02e1259eb5a868879019bcd41
  subpackages:
  - term
- name: github.com/tendermint/tmsp
  version: 7ffd2899092f47110a5ffebe20247a9b7f80f4ad
  subpackages:
  - client
  - example/dummy
  - example/nil
  - types
- name: golang.org/x/crypto
  version: 1e61df8d9ea476e2e1504cd9a32b40280c7c6c7e
  subpackages:
  - ripemd160
  - nacl/box
  - nacl/secretbox
  - openpgp/armor
  - curve25519
  - salsa20/salsa
  - poly1305
  - openpgp/errors
- name: golang.org/x/sys
  version: 33267e036fd93fcd26ea95b7bdaf2d8306cb743c
  subpackages:
  - unix
devImports: []
