# This file is autogenerated, do not edit; changes may be undone by the next 'dep ensure'.


[[projects]]
  digest = "1:d6afaeed1502aa28e80a4ed0981d570ad91b2579193404256ce672ed0a609e0d"
  name = "github.com/beorn7/perks"
  packages = ["quantile"]
  pruneopts = "UT"
  revision = "4b2b341e8d7715fae06375aa633dbb6e91b3fb46"
  version = "v1.0.0"

[[projects]]
  branch = "master"
  digest = "1:093bf93a65962e8191e3e8cd8fc6c363f83d43caca9739c906531ba7210a9904"
  name = "github.com/btcsuite/btcd"
  packages = ["btcec"]
  pruneopts = "UT"
  revision = "96897255fd17525dd12426345d279533780bc4e1"

[[projects]]
  branch = "master"
  digest = "1:1d8e1cb71c33a9470bbbae09bfec09db43c6bf358dfcae13cd8807c4e2a9a2bf"
  name = "github.com/btcsuite/btcutil"
  packages = [
    "base58",
    "bech32",
  ]
  pruneopts = "UT"
  revision = "9e5f4b9a998d263e3ce9c56664a7816001ac8000"

[[projects]]
  digest = "1:ffe9824d294da03b391f44e1ae8281281b4afc1bdaa9588c9097785e3af10cec"
  name = "github.com/davecgh/go-spew"
  packages = ["spew"]
  pruneopts = "UT"
  revision = "8991bc29aa16c548c550c7ff78260e27b9ab7c73"
  version = "v1.1.1"

[[projects]]
  digest = "1:5f7414cf41466d4b4dd7ec52b2cd3e481e08cfd11e7e24fef730c0e483e88bb1"
  name = "github.com/etcd-io/bbolt"
  packages = ["."]
  pruneopts = "UT"
  revision = "63597a96ec0ad9e6d43c3fc81e809909e0237461"
  version = "v1.3.2"

[[projects]]
  digest = "1:547f5df5f708c880f0af507317c8d022b8d62053a5cb075e23c6eeed09eb2e4e"
  name = "github.com/fortytw2/leaktest"
  packages = ["."]
  pruneopts = "UT"
  revision = "9a23578d06a26ec1b47bfc8965bf5e7011df8bd6"
  version = "v1.3.0"

[[projects]]
  digest = "1:abeb38ade3f32a92943e5be54f55ed6d6e3b6602761d74b4aab4c9dd45c18abd"
  name = "github.com/fsnotify/fsnotify"
  packages = ["."]
  pruneopts = "UT"
  revision = "c2828203cd70a50dcccfb2761f8b1f8ceef9a8e9"
  version = "v1.4.7"

[[projects]]
  digest = "1:fdf5169073fb0ad6dc12a70c249145e30f4058647bea25f0abd48b6d9f228a11"
  name = "github.com/go-kit/kit"
  packages = [
    "log",
    "log/level",
    "log/term",
    "metrics",
    "metrics/discard",
    "metrics/internal/lv",
    "metrics/prometheus",
  ]
  pruneopts = "UT"
  revision = "4dc7be5d2d12881735283bcab7352178e190fc71"
  version = "v0.6.0"

[[projects]]
  digest = "1:4062bc6de62d73e2be342243cf138cf499b34d558876db8d9430e2149388a4d8"
  name = "github.com/go-logfmt/logfmt"
  packages = ["."]
  pruneopts = "UT"
  revision = "07c9b44f60d7ffdfb7d8efe1ad539965737836dc"
  version = "v0.4.0"

[[projects]]
  digest = "1:586ea76dbd0374d6fb649a91d70d652b7fe0ccffb8910a77468e7702e7901f3d"
  name = "github.com/go-stack/stack"
  packages = ["."]
  pruneopts = "UT"
  revision = "2fee6af1a9795aafbe0253a0cfbdf668e1fb8a9a"
  version = "v1.8.0"

[[projects]]
  digest = "1:95e1006e41c641abd2f365dfa0f1213c04da294e7cd5f0bf983af234b775db64"
  name = "github.com/gogo/protobuf"
  packages = [
    "gogoproto",
    "jsonpb",
    "proto",
    "protoc-gen-gogo/descriptor",
    "sortkeys",
    "types",
  ]
  pruneopts = "UT"
  revision = "ba06b47c162d49f2af050fb4c75bcbc86a159d5c"
  version = "v1.2.1"

[[projects]]
  digest = "1:239c4c7fd2159585454003d9be7207167970194216193a8a210b8d29576f19c9"
  name = "github.com/golang/protobuf"
  packages = [
    "proto",
    "ptypes",
    "ptypes/any",
    "ptypes/duration",
    "ptypes/timestamp",
  ]
  pruneopts = "UT"
  revision = "b5d812f8a3706043e23a9cd5babf2e5423744d30"
  version = "v1.3.1"

[[projects]]
  digest = "1:e4f5819333ac698d294fe04dbf640f84719658d5c7ce195b10060cc37292ce79"
  name = "github.com/golang/snappy"
  packages = ["."]
  pruneopts = "UT"
  revision = "2a8bb927dd31d8daada140a5d09578521ce5c36a"
  version = "v0.0.1"

[[projects]]
  digest = "1:7b5c6e2eeaa9ae5907c391a91c132abfd5c9e8a784a341b5625e750c67e6825d"
  name = "github.com/gorilla/websocket"
  packages = ["."]
  pruneopts = "UT"
  revision = "66b9c49e59c6c48f0ffce28c2d8b8a5678502c6d"
  version = "v1.4.0"

[[projects]]
  digest = "1:c0d19ab64b32ce9fe5cf4ddceba78d5bc9807f0016db6b1183599da3dcc24d10"
  name = "github.com/hashicorp/hcl"
  packages = [
    ".",
    "hcl/ast",
    "hcl/parser",
    "hcl/printer",
    "hcl/scanner",
    "hcl/strconv",
    "hcl/token",
    "json/parser",
    "json/scanner",
    "json/token",
  ]
  pruneopts = "UT"
  revision = "8cb6e5b959231cc1119e43259c4a608f9c51a241"
  version = "v1.0.0"

[[projects]]
  digest = "1:870d441fe217b8e689d7949fef6e43efbc787e50f200cb1e70dbca9204a1d6be"
  name = "github.com/inconshreveable/mousetrap"
  packages = ["."]
  pruneopts = "UT"
  revision = "76626ae9c91c4f2a10f34cad8ce83ea42c93bb75"
  version = "v1.0"

[[projects]]
  digest = "1:a74b5a8e34ee5843cd6e65f698f3e75614f812ff170c2243425d75bc091e9af2"
  name = "github.com/jmhodges/levigo"
  packages = ["."]
  pruneopts = "UT"
  revision = "853d788c5c416eaaee5b044570784a96c7a26975"
  version = "v1.0.0"

[[projects]]
  branch = "master"
  digest = "1:a64e323dc06b73892e5bb5d040ced475c4645d456038333883f58934abbf6f72"
  name = "github.com/kr/logfmt"
  packages = ["."]
  pruneopts = "UT"
  revision = "b84e30acd515aadc4b783ad4ff83aff3299bdfe0"

[[projects]]
  digest = "1:53e8c5c79716437e601696140e8b1801aae4204f4ec54a504333702a49572c4f"
  name = "github.com/magiconair/properties"
  packages = [
    ".",
    "assert",
  ]
  pruneopts = "UT"
  revision = "c2353362d570a7bfa228149c62842019201cfb71"
  version = "v1.8.0"

[[projects]]
  digest = "1:ff5ebae34cfbf047d505ee150de27e60570e8c394b3b8fdbb720ff6ac71985fc"
  name = "github.com/matttproud/golang_protobuf_extensions"
  packages = ["pbutil"]
  pruneopts = "UT"
  revision = "c12348ce28de40eed0136aa2b644d0ee0650e56c"
  version = "v1.0.1"

[[projects]]
  digest = "1:53bc4cd4914cd7cd52139990d5170d6dc99067ae31c56530621b18b35fc30318"
  name = "github.com/mitchellh/mapstructure"
  packages = ["."]
  pruneopts = "UT"
  revision = "3536a929edddb9a5b34bd6861dc4a9647cb459fe"
  version = "v1.1.2"

[[projects]]
  digest = "1:e0f50a07c0def90588d69f77178712c6fdc67eb6576365f551cce98b44b501bf"
  name = "github.com/pelletier/go-toml"
  packages = ["."]
  pruneopts = "UT"
  revision = "63909f0a90ab0f36909e8e044e46ace10cf13ba2"
  version = "v1.3.0"

[[projects]]
  digest = "1:cf31692c14422fa27c83a05292eb5cbe0fb2775972e8f1f8446a71549bd8980b"
  name = "github.com/pkg/errors"
  packages = ["."]
  pruneopts = "UT"
  revision = "ba968bfe8b2f7e042a574c888954fccecfa385b4"
  version = "v0.8.1"

[[projects]]
  digest = "1:0028cb19b2e4c3112225cd871870f2d9cf49b9b4276531f03438a88e94be86fe"
  name = "github.com/pmezard/go-difflib"
  packages = ["difflib"]
  pruneopts = "UT"
  revision = "792786c7400a136282c1664665ae0a8db921c6c2"
  version = "v1.0.0"

[[projects]]
  digest = "1:93a746f1060a8acbcf69344862b2ceced80f854170e1caae089b2834c5fbf7f4"
  name = "github.com/prometheus/client_golang"
  packages = [
    "prometheus",
    "prometheus/internal",
    "prometheus/promhttp",
  ]
  pruneopts = "UT"
  revision = "505eaef017263e299324067d40ca2c48f6a2cf50"
  version = "v0.9.2"

[[projects]]
  branch = "master"
  digest = "1:2d5cd61daa5565187e1d96bae64dbbc6080dacf741448e9629c64fd93203b0d4"
  name = "github.com/prometheus/client_model"
  packages = ["go"]
  pruneopts = "UT"
  revision = "fd36f4220a901265f90734c3183c5f0c91daa0b8"

[[projects]]
  digest = "1:35cf6bdf68db765988baa9c4f10cc5d7dda1126a54bd62e252dbcd0b1fc8da90"
  name = "github.com/prometheus/common"
  packages = [
    "expfmt",
    "internal/bitbucket.org/ww/goautoneg",
    "model",
  ]
  pruneopts = "UT"
  revision = "a82f4c12f983cc2649298185f296632953e50d3e"
  version = "v0.3.0"

[[projects]]
  branch = "master"
  digest = "1:2ea45e71e0198d6b989ed6302cc4f72a83be1e7d6469d08a59e56a2c447aea55"
  name = "github.com/prometheus/procfs"
  packages = ["."]
  pruneopts = "UT"
  revision = "87a4384529e0652f5035fb5cc8095faf73ea9b0b"

[[projects]]
  branch = "master"
  digest = "1:d38f81081a389f1466ec98192cf9115a82158854d6f01e1c23e2e7554b97db71"
  name = "github.com/rcrowley/go-metrics"
  packages = ["."]
  pruneopts = "UT"
  revision = "3113b8401b8a98917cde58f8bbd42a1b1c03b1fd"

[[projects]]
  digest = "1:b0c25f00bad20d783d259af2af8666969e2fc343fa0dc9efe52936bbd67fb758"
  name = "github.com/rs/cors"
  packages = ["."]
  pruneopts = "UT"
  revision = "9a47f48565a795472d43519dd49aac781f3034fb"
  version = "v1.6.0"

[[projects]]
  digest = "1:bb495ec276ab82d3dd08504bbc0594a65de8c3b22c6f2aaa92d05b73fbf3a82e"
  name = "github.com/spf13/afero"
  packages = [
    ".",
    "mem",
  ]
  pruneopts = "UT"
  revision = "588a75ec4f32903aa5e39a2619ba6a4631e28424"
  version = "v1.2.2"

[[projects]]
  digest = "1:08d65904057412fc0270fc4812a1c90c594186819243160dc779a402d4b6d0bc"
  name = "github.com/spf13/cast"
  packages = ["."]
  pruneopts = "UT"
  revision = "8c9545af88b134710ab1cd196795e7f2388358d7"
  version = "v1.3.0"

[[projects]]
  digest = "1:645cabccbb4fa8aab25a956cbcbdf6a6845ca736b2c64e197ca7cbb9d210b939"
  name = "github.com/spf13/cobra"
  packages = ["."]
  pruneopts = "UT"
  revision = "ef82de70bb3f60c65fb8eebacbb2d122ef517385"
  version = "v0.0.3"

[[projects]]
  digest = "1:1b753ec16506f5864d26a28b43703c58831255059644351bbcb019b843950900"
  name = "github.com/spf13/jwalterweatherman"
  packages = ["."]
  pruneopts = "UT"
  revision = "94f6ae3ed3bceceafa716478c5fbf8d29ca601a1"
  version = "v1.1.0"

[[projects]]
  digest = "1:c1b1102241e7f645bc8e0c22ae352e8f0dc6484b6cb4d132fa9f24174e0119e2"
  name = "github.com/spf13/pflag"
  packages = ["."]
  pruneopts = "UT"
  revision = "298182f68c66c05229eb03ac171abe6e309ee79a"
  version = "v1.0.3"

[[projects]]
  digest = "1:1b773526998f3dbde3a51a4a5881680c4d237d3600f570d900f97ac93c7ba0a8"
  name = "github.com/spf13/viper"
  packages = ["."]
  pruneopts = "UT"
  revision = "9e56dacc08fbbf8c9ee2dbc717553c758ce42bc9"
  version = "v1.3.2"

[[projects]]
  digest = "1:5da8ce674952566deae4dbc23d07c85caafc6cfa815b0b3e03e41979cedb8750"
  name = "github.com/stretchr/testify"
  packages = [
    "assert",
    "require",
  ]
  pruneopts = "UT"
  revision = "ffdc059bfe9ce6a4e144ba849dbedead332c6053"
  version = "v1.3.0"

[[projects]]
  digest = "1:5b180f17d5bc50b765f4dcf0d126c72979531cbbd7f7929bf3edd87fb801ea2d"
  name = "github.com/syndtr/goleveldb"
  packages = [
    "leveldb",
    "leveldb/cache",
    "leveldb/comparer",
    "leveldb/errors",
    "leveldb/filter",
    "leveldb/iterator",
    "leveldb/journal",
    "leveldb/memdb",
    "leveldb/opt",
    "leveldb/storage",
    "leveldb/table",
    "leveldb/util",
  ]
  pruneopts = "UT"
  revision = "9d007e481048296f09f59bd19bb7ae584563cd95"
  version = "v1.0.0"

[[projects]]
  digest = "1:ad9c4c1a4e7875330b1f62906f2830f043a23edb5db997e3a5ac5d3e6eadf80a"
  name = "github.com/tendermint/go-amino"
  packages = ["."]
  pruneopts = "UT"
  revision = "dc14acf9ef15f85828bfbc561ed9dd9d2a284885"
  version = "v0.14.1"

[[projects]]
  digest = "1:a6798e7bf27e89c3587fbf4b4e3e172f2d8149f11e1a20d1710b1fff841d600a"
  name = "github.com/tendermint/tendermint"
  packages = [
    "abci/client",
    "abci/example/code",
    "abci/example/counter",
    "abci/example/kvstore",
    "abci/server",
    "abci/tests/server",
    "abci/types",
    "abci/version",
    "benchmarks/proto",
    "blockchain",
    "cmd/tendermint/commands",
    "config",
    "consensus",
    "consensus/types",
    "crypto",
    "crypto/ed25519",
    "crypto/encoding/amino",
    "crypto/internal/benchmarking",
    "crypto/merkle",
    "crypto/multisig",
    "crypto/multisig/bitarray",
    "crypto/secp256k1",
    "crypto/secp256k1/internal/secp256k1",
    "crypto/tmhash",
    "evidence",
    "libs/autofile",
    "libs/bech32",
    "libs/cli",
    "libs/cli/flags",
    "libs/clist",
    "libs/common",
    "libs/db",
    "libs/db/remotedb",
    "libs/db/remotedb/grpcdb",
    "libs/db/remotedb/proto",
    "libs/events",
    "libs/fail",
    "libs/flowrate",
    "libs/log",
    "libs/pubsub",
    "libs/pubsub/query",
    "libs/test",
    "lite",
    "lite/client",
    "lite/errors",
    "lite/proxy",
    "mempool",
    "node",
    "p2p",
    "p2p/conn",
    "p2p/mock",
    "p2p/pex",
    "p2p/upnp",
    "privval",
    "proxy",
    "rpc/client",
    "rpc/client/mock",
    "rpc/core",
    "rpc/core/types",
    "rpc/grpc",
    "rpc/lib/client",
    "rpc/lib/server",
    "rpc/lib/types",
    "rpc/test",
    "state",
    "state/txindex",
    "state/txindex/kv",
    "state/txindex/null",
    "tools/tm-monitor/eventmeter",
    "tools/tm-monitor/mock",
    "tools/tm-monitor/monitor",
    "tools/tm-signer-harness/internal",
    "types",
    "types/proto3",
    "types/time",
    "version",
  ]
  pruneopts = "UT"
  revision = "d2eab536ac1071b1b5f64283572397606326eb73"
  version = "v0.31.5"

[[projects]]
  branch = "master"
  digest = "1:c960c4dcf00f841d897c0a596dced1d8b8c56f5eec1855e47e9b07a2d2b7d94c"
  name = "golang.org/x/crypto"
  packages = [
    "bcrypt",
    "blowfish",
    "chacha20poly1305",
    "curve25519",
    "ed25519",
    "ed25519/internal/edwards25519",
    "hkdf",
    "internal/chacha20",
    "internal/subtle",
    "nacl/box",
    "nacl/secretbox",
    "openpgp/armor",
    "openpgp/errors",
    "poly1305",
    "ripemd160",
    "salsa20/salsa",
  ]
  pruneopts = "UT"
  revision = "a29dc8fdc73485234dbef99ebedb95d2eced08de"

[[projects]]
  branch = "master"
  digest = "1:738050588b3b31a8975a622403f3dc284cb4c581458d54e86c0bd77d46d09b86"
  name = "golang.org/x/net"
  packages = [
    "context",
    "http/httpguts",
    "http2",
    "http2/hpack",
    "idna",
    "internal/timeseries",
    "netutil",
    "trace",
  ]
  pruneopts = "UT"
  revision = "4829fb13d2c62012c17688fa7f629f371014946d"

[[projects]]
  branch = "master"
  digest = "1:8acf841d7417aa2621a2b923f6262673033d407053ab49a4db9ec34378e1b49b"
  name = "golang.org/x/sys"
  packages = [
    "cpu",
    "unix",
  ]
  pruneopts = "UT"
  revision = "d89cdac9e8725f2aefce25fcbfef41134c9ad412"

[[projects]]
  digest = "1:8d8faad6b12a3a4c819a3f9618cb6ee1fa1cfc33253abeeea8b55336721e3405"
  name = "golang.org/x/text"
  packages = [
    "collate",
    "collate/build",
    "internal/colltab",
    "internal/gen",
    "internal/language",
    "internal/language/compact",
    "internal/tag",
    "internal/triegen",
    "internal/ucd",
    "language",
    "secure/bidirule",
    "transform",
    "unicode/bidi",
    "unicode/cldr",
    "unicode/norm",
    "unicode/rangetable",
  ]
  pruneopts = "UT"
  revision = "342b2e1fbaa52c93f31447ad2c6abc048c63e475"
  version = "v0.3.2"

[[projects]]
  branch = "master"
  digest = "1:c3076e7defee87de1236f1814beb588f40a75544c60121e6eb38b3b3721783e2"
  name = "google.golang.org/genproto"
  packages = ["googleapis/rpc/status"]
  pruneopts = "UT"
  revision = "357c62f0e4bbba7e6cc403ae09edcf3e2b9028fe"

[[projects]]
  digest = "1:707c3a5d10ed430ea767d73df122d9eb3dfb6312bbacc9f2e39204390686d1d0"
  name = "google.golang.org/grpc"
  packages = [
    ".",
    "balancer",
    "balancer/base",
    "balancer/roundrobin",
    "binarylog/grpc_binarylog_v1",
    "codes",
    "connectivity",
    "credentials",
    "credentials/internal",
    "encoding",
    "encoding/proto",
    "grpclog",
    "internal",
    "internal/backoff",
    "internal/balancerload",
    "internal/binarylog",
    "internal/channelz",
    "internal/envconfig",
    "internal/grpcrand",
    "internal/grpcsync",
    "internal/syscall",
    "internal/transport",
    "keepalive",
    "metadata",
    "naming",
    "peer",
    "resolver",
    "resolver/dns",
    "resolver/passthrough",
    "stats",
    "status",
    "tap",
  ]
  pruneopts = "UT"
  revision = "25c4f928eaa6d96443009bd842389fb4fa48664e"
  version = "v1.20.1"

[[projects]]
  digest = "1:4d2e5a73dc1500038e504a8d78b986630e3626dc027bc030ba5c75da257cdb96"
  name = "gopkg.in/yaml.v2"
  packages = ["."]
  pruneopts = "UT"
  revision = "51d6538a90f86fe93ac480b35f37b2be17fef232"
  version = "v2.2.2"

[solve-meta]
  analyzer-name = "dep"
  analyzer-version = 1
  input-imports = [
    "github.com/btcsuite/btcd/btcec",
    "github.com/btcsuite/btcutil/base58",
    "github.com/btcsuite/btcutil/bech32",
    "github.com/etcd-io/bbolt",
    "github.com/fortytw2/leaktest",
    "github.com/go-kit/kit/log",
    "github.com/go-kit/kit/log/level",
    "github.com/go-kit/kit/log/term",
    "github.com/go-kit/kit/metrics",
    "github.com/go-kit/kit/metrics/discard",
    "github.com/go-kit/kit/metrics/prometheus",
    "github.com/go-logfmt/logfmt",
    "github.com/gogo/protobuf/gogoproto",
    "github.com/gogo/protobuf/jsonpb",
    "github.com/gogo/protobuf/proto",
    "github.com/gogo/protobuf/types",
    "github.com/golang/protobuf/proto",
    "github.com/golang/protobuf/ptypes/timestamp",
    "github.com/gorilla/websocket",
    "github.com/jmhodges/levigo",
    "github.com/magiconair/properties/assert",
    "github.com/pkg/errors",
    "github.com/prometheus/client_golang/prometheus",
    "github.com/prometheus/client_golang/prometheus/promhttp",
    "github.com/rcrowley/go-metrics",
    "github.com/rs/cors",
    "github.com/spf13/cobra",
    "github.com/spf13/viper",
    "github.com/stretchr/testify/assert",
    "github.com/stretchr/testify/require",
    "github.com/syndtr/goleveldb/leveldb",
    "github.com/syndtr/goleveldb/leveldb/errors",
    "github.com/syndtr/goleveldb/leveldb/iterator",
    "github.com/syndtr/goleveldb/leveldb/opt",
    "github.com/tendermint/go-amino",
    "github.com/tendermint/tendermint/abci/client",
    "github.com/tendermint/tendermint/abci/example/code",
    "github.com/tendermint/tendermint/abci/example/counter",
    "github.com/tendermint/tendermint/abci/example/kvstore",
    "github.com/tendermint/tendermint/abci/server",
    "github.com/tendermint/tendermint/abci/tests/server",
    "github.com/tendermint/tendermint/abci/types",
    "github.com/tendermint/tendermint/abci/version",
    "github.com/tendermint/tendermint/benchmarks/proto",
    "github.com/tendermint/tendermint/blockchain",
    "github.com/tendermint/tendermint/cmd/tendermint/commands",
    "github.com/tendermint/tendermint/config",
    "github.com/tendermint/tendermint/consensus",
    "github.com/tendermint/tendermint/consensus/types",
    "github.com/tendermint/tendermint/crypto",
    "github.com/tendermint/tendermint/crypto/ed25519",
    "github.com/tendermint/tendermint/crypto/encoding/amino",
    "github.com/tendermint/tendermint/crypto/internal/benchmarking",
    "github.com/tendermint/tendermint/crypto/merkle",
    "github.com/tendermint/tendermint/crypto/multisig",
    "github.com/tendermint/tendermint/crypto/multisig/bitarray",
    "github.com/tendermint/tendermint/crypto/secp256k1",
    "github.com/tendermint/tendermint/crypto/secp256k1/internal/secp256k1",
    "github.com/tendermint/tendermint/crypto/tmhash",
    "github.com/tendermint/tendermint/evidence",
    "github.com/tendermint/tendermint/libs/autofile",
    "github.com/tendermint/tendermint/libs/bech32",
    "github.com/tendermint/tendermint/libs/cli",
    "github.com/tendermint/tendermint/libs/cli/flags",
    "github.com/tendermint/tendermint/libs/clist",
    "github.com/tendermint/tendermint/libs/common",
    "github.com/tendermint/tendermint/libs/db",
    "github.com/tendermint/tendermint/libs/db/remotedb",
    "github.com/tendermint/tendermint/libs/db/remotedb/grpcdb",
    "github.com/tendermint/tendermint/libs/db/remotedb/proto",
    "github.com/tendermint/tendermint/libs/events",
    "github.com/tendermint/tendermint/libs/fail",
    "github.com/tendermint/tendermint/libs/flowrate",
    "github.com/tendermint/tendermint/libs/log",
    "github.com/tendermint/tendermint/libs/pubsub",
    "github.com/tendermint/tendermint/libs/pubsub/query",
    "github.com/tendermint/tendermint/libs/test",
    "github.com/tendermint/tendermint/lite",
    "github.com/tendermint/tendermint/lite/client",
    "github.com/tendermint/tendermint/lite/errors",
    "github.com/tendermint/tendermint/lite/proxy",
    "github.com/tendermint/tendermint/mempool",
    "github.com/tendermint/tendermint/node",
    "github.com/tendermint/tendermint/p2p",
    "github.com/tendermint/tendermint/p2p/conn",
    "github.com/tendermint/tendermint/p2p/mock",
    "github.com/tendermint/tendermint/p2p/pex",
    "github.com/tendermint/tendermint/p2p/upnp",
    "github.com/tendermint/tendermint/privval",
    "github.com/tendermint/tendermint/proxy",
    "github.com/tendermint/tendermint/rpc/client",
    "github.com/tendermint/tendermint/rpc/client/mock",
    "github.com/tendermint/tendermint/rpc/core",
    "github.com/tendermint/tendermint/rpc/core/types",
    "github.com/tendermint/tendermint/rpc/grpc",
    "github.com/tendermint/tendermint/rpc/lib/client",
    "github.com/tendermint/tendermint/rpc/lib/server",
    "github.com/tendermint/tendermint/rpc/lib/types",
    "github.com/tendermint/tendermint/rpc/test",
    "github.com/tendermint/tendermint/state",
    "github.com/tendermint/tendermint/state/txindex",
    "github.com/tendermint/tendermint/state/txindex/kv",
    "github.com/tendermint/tendermint/state/txindex/null",
    "github.com/tendermint/tendermint/tools/tm-monitor/eventmeter",
    "github.com/tendermint/tendermint/tools/tm-monitor/mock",
    "github.com/tendermint/tendermint/tools/tm-monitor/monitor",
    "github.com/tendermint/tendermint/tools/tm-signer-harness/internal",
    "github.com/tendermint/tendermint/types",
    "github.com/tendermint/tendermint/types/proto3",
    "github.com/tendermint/tendermint/types/time",
    "github.com/tendermint/tendermint/version",
    "golang.org/x/crypto/bcrypt",
    "golang.org/x/crypto/chacha20poly1305",
    "golang.org/x/crypto/curve25519",
    "golang.org/x/crypto/ed25519",
    "golang.org/x/crypto/hkdf",
    "golang.org/x/crypto/nacl/box",
    "golang.org/x/crypto/nacl/secretbox",
    "golang.org/x/crypto/openpgp/armor",
    "golang.org/x/crypto/ripemd160",
    "golang.org/x/net/context",
    "golang.org/x/net/netutil",
    "google.golang.org/grpc",
    "google.golang.org/grpc/credentials",
  ]
  solver-name = "gps-cdcl"
  solver-version = 1
