hash: 46f5e4380fdca1f3c0211f1f54f2c0dcd2213aabbb96cdaaaa201a55156bfb97
updated: 2017-12-07T17:26:11.121786018Z
imports:
- name: github.com/btcsuite/btcd
  version: 2e60448ffcc6bf78332d1fe590260095f554dd78
  subpackages:
  - btcec
- name: github.com/go-kit/kit
  version: ebf82f4a7270657af57182f212579e5ec8c9fac8
  subpackages:
  - log
  - log/level
  - log/term
- name: github.com/go-logfmt/logfmt
  version: 390ab7935ee28ec6b286364bba9b4dd6410cb3d5
- name: github.com/go-playground/locales
  version: e4cbcb5d0652150d40ad0646651076b6bd2be4f6
  subpackages:
  - currency
- name: github.com/go-playground/universal-translator
  version: 71201497bace774495daed26a3874fd339e0b538
- name: github.com/go-stack/stack
  version: 259ab82a6cad3992b4e21ff5cac294ccb06474bc
- name: github.com/golang/protobuf
  version: 1e59b77b52bf8e4b449a57e6f79f21226d571845
  subpackages:
  - proto
  - ptypes
  - ptypes/any
  - ptypes/duration
  - ptypes/timestamp
- name: github.com/gorilla/websocket
  version: ea4d1f681babbce9545c9c5f3d5194a789c89f5b
- name: github.com/kr/logfmt
  version: b84e30acd515aadc4b783ad4ff83aff3299bdfe0
- name: github.com/pkg/errors
  version: 645ef00459ed84a119197bfb8d8205042c6df63d
- name: github.com/rcrowley/go-metrics
  version: e181e095bae94582363434144c61a9653aff6e50
- name: github.com/tendermint/abci
  version: 76ef8a0697c6179220a74c479b36c27a5b53008a
  subpackages:
  - client
  - example/dummy
  - types
- name: github.com/tendermint/ed25519
  version: d8387025d2b9d158cf4efb07e7ebf814bcce2057
  subpackages:
  - edwards25519
  - extra25519
- name: github.com/tendermint/go-crypto
  version: dd20358a264c772b4a83e477b0cfce4c88a7001d
- name: github.com/tendermint/go-wire
  version: b6fc872b42d41158a60307db4da051dd6f179415
  subpackages:
  - data
- name: github.com/tendermint/tendermint
  version: c7f923c5b0d0f0f26566281aa251259d1bef3a6c
  subpackages:
  - config
  - consensus/types
  - p2p
  - p2p/upnp
  - rpc/core/types
  - rpc/lib/client
  - rpc/lib/types
  - types
- name: github.com/tendermint/tmlibs
  version: b854baa1fce7101c90b1d301b3359bb412f981c0
  subpackages:
  - common
  - events
  - flowrate
  - log
  - merkle
- name: github.com/tendermint/tools
  version: c36867e971f4d717e7ceb2c3d451a64e9a101b99
  subpackages:
  - tm-monitor/eventmeter
  - tm-monitor/monitor
- name: golang.org/x/crypto
  version: 94eea52f7b742c7cbe0b03b22f0c4c8631ece122
  subpackages:
  - curve25519
  - nacl/box
  - nacl/secretbox
  - openpgp/armor
  - openpgp/errors
  - poly1305
  - ripemd160
  - salsa20/salsa
- name: golang.org/x/net
  version: faacc1b5e36e3ff02cbec9661c69ac63dd5a83ad
  subpackages:
  - context
  - http2
  - http2/hpack
  - idna
  - internal/timeseries
  - lex/httplex
  - trace
- name: golang.org/x/text
  version: be25de41fadfae372d6470bda81ca6beb55ef551
  subpackages:
  - secure/bidirule
  - transform
  - unicode/bidi
  - unicode/norm
- name: google.golang.org/genproto
  version: 7f0da29060c682909f650ad8ed4e515bd74fa12a
  subpackages:
  - googleapis/rpc/status
- name: google.golang.org/grpc
  version: f7bf885db0b7479a537ec317c6e48ce53145f3db
  subpackages:
  - balancer
  - codes
  - connectivity
  - credentials
  - grpclb/grpc_lb_v1/messages
  - grpclog
  - internal
  - keepalive
  - metadata
  - naming
  - peer
  - resolver
  - stats
  - status
  - tap
  - transport
- name: gopkg.in/go-playground/validator.v9
  version: 61caf9d3038e1af346dbf5c2e16f6678e1548364
testImports: []
