hash: db5c45d85f63559c544e26ff73ef936faa98b80a9a48fa23a8170b42ea11f916
updated: 2017-03-13T14:46:21.687902055Z
imports:
- name: github.com/btcsuite/btcd
  version: 583684b21bfbde9b5fc4403916fd7c807feb0289
  subpackages:
  - btcec
- name: github.com/BurntSushi/toml
  version: e643e9ef00b049d75de26e61109c5ea01885cd21
- name: github.com/go-stack/stack
  version: 100eb0c0a9c5b306ca2fb4f165df21d80ada4b82
- name: github.com/golang/protobuf
  version: c9c7427a2a70d2eb3bafa0ab2dc163e45f143317
  subpackages:
  - proto
- name: github.com/golang/snappy
  version: 553a641470496b2327abcac10b36396bd98e45c9
- name: github.com/gorilla/websocket
  version: 3ab3a8b8831546bd18fd182c20687ca853b2bb13
- name: github.com/jmhodges/levigo
  version: c42d9e0ca023e2198120196f842701bb4c55d7b9
- name: github.com/mattn/go-colorable
  version: a392f450ea64cee2b268dfaacdc2502b50a22b18
- name: github.com/mattn/go-isatty
  version: 57fdcb988a5c543893cc61bce354a6e24ab70022
- name: github.com/pkg/errors
  version: 645ef00459ed84a119197bfb8d8205042c6df63d
- name: github.com/rcrowley/go-metrics
  version: 1f30fe9094a513ce4c700b9a54458bbb0c96996c
- name: github.com/syndtr/goleveldb
  version: 3c5717caf1475fd25964109a0fc640bd150fce43
  subpackages:
  - leveldb
  - leveldb/cache
  - leveldb/comparer
  - leveldb/errors
  - leveldb/filter
  - leveldb/iterator
  - leveldb/journal
  - leveldb/memdb
  - leveldb/opt
  - leveldb/storage
  - leveldb/table
  - leveldb/util
- name: github.com/tendermint/abci
  version: 1236e8fb6eee3a63909f4014a8e84385ead7933d
  subpackages:
  - types
- name: github.com/tendermint/ed25519
  version: 1f52c6f8b8a5c7908aff4497c186af344b428925
  subpackages:
  - edwards25519
  - extra25519
- name: github.com/tendermint/go-common
  version: dcb015dff6c7af21e65c8e2f3b450df19d38c777
- name: github.com/tendermint/go-config
  version: 620dcbbd7d587cf3599dedbf329b64311b0c307a
- name: github.com/tendermint/go-crypto
  version: 3f47cfac5fcd9e0f1727c7db980b3559913b3e3a
- name: github.com/tendermint/go-data
  version: 32271140e8fd5abdbb22e268d7a02421fa382f0b
- name: github.com/tendermint/go-db
  version: eac3f2bc147023957c8bf69432a4e6c4dc5c3f72
- name: github.com/tendermint/go-events
  version: f8ffbfb2be3483e9e7927495590a727f51c0c11f
- name: github.com/tendermint/go-flowrate
  version: a20c98e61957faa93b4014fbd902f20ab9317a6a
  subpackages:
  - flowrate
- name: github.com/tendermint/go-logger
  version: cefb3a45c0bf3c493a04e9bcd9b1540528be59f2
- name: github.com/tendermint/go-merkle
  version: 714d4d04557fd068a7c2a1748241ce8428015a96
- name: github.com/tendermint/go-p2p
  version: 97a5ed2d1a17eaee8717b8a32cfaf7a9a82a273d
  subpackages:
  - upnp
- name: github.com/tendermint/go-rpc
  version: b54b9b4ecc2c444f7b11077f24e5abafdcc98676
  subpackages:
  - client
  - server
  - types
- name: github.com/tendermint/go-wire
  version: f530b7af7a8b06e612c2063bff6ace49060a085e
- name: github.com/tendermint/log15
  version: ae0f3d6450da9eac7074b439c8e1c3cabf0d5ce6
  subpackages:
  - term
- name: github.com/tendermint/tendermint
  version: d4f625455109d88e7f55a999fdb25e208f174802
  subpackages:
  - rpc/core/types
  - types
- name: github.com/tendermint/tools
  version: ce69eaa75eb08b21d22b6ecd3cf5a20d38ec57e2
  subpackages:
  - tm-monitor
  - tm-monitor/eventmeter
- name: golang.org/x/crypto
  version: 728b753d0135da6801d45a38e6f43ff55779c5c2
  subpackages:
  - curve25519
  - nacl/box
  - nacl/secretbox
  - openpgp/armor
  - openpgp/errors
  - poly1305
  - ripemd160
  - salsa20/salsa
- name: golang.org/x/net
  version: a6577fac2d73be281a500b310739095313165611
  subpackages:
  - context
  - http2
  - http2/hpack
  - idna
  - internal/timeseries
  - lex/httplex
  - trace
- name: golang.org/x/sys
  version: 99f16d856c9836c42d24e7ab64ea72916925fa97
  subpackages:
  - unix
- name: google.golang.org/grpc
  version: d50cf2db166eaff3f2429425758d12205085eb5b
  subpackages:
  - codes
  - credentials
  - grpclog
  - internal
  - keepalive
  - metadata
  - naming
  - peer
  - stats
  - tap
  - transport
testImports: []
